
Microsoft Visual Studio Solution File, Format Version 12.00
# Visual Studio Version 17
VisualStudioVersion = 17.14.36518.9 d17.14
MinimumVisualStudioVersion = 10.0.40219.1
Project("{FAE04EC0-301F-11D3-BF4B-00C04F79EFBC}") = "CMCSPart2", "CMCSPart2\CMCSPart2.csproj", "{BF9E01EF-3849-44FF-B359-37CA0A9DE900}"
EndProject
Global
	GlobalSection(SolutionConfigurationPlatforms) = preSolution
		Debug|Any CPU = Debug|Any CPU
		Release|Any CPU = Release|Any CPU
	EndGlobalSection
	GlobalSection(ProjectConfigurationPlatforms) = postSolution
		{BF9E01EF-3849-44FF-B359-37CA0A9DE900}.Debug|Any CPU.ActiveCfg = Debug|Any CPU
		{BF9E01EF-3849-44FF-B359-37CA0A9DE900}.Debug|Any CPU.Build.0 = Debug|Any CPU
		{BF9E01EF-3849-44FF-B359-37CA0A9DE900}.Release|Any CPU.ActiveCfg = Release|Any CPU
		{BF9E01EF-3849-44FF-B359-37CA0A9DE900}.Release|Any CPU.Build.0 = Release|Any CPU
	EndGlobalSection
	GlobalSection(SolutionProperties) = preSolution
		HideSolutionNode = FALSE
	EndGlobalSection
	GlobalSection(ExtensibilityGlobals) = postSolution
		SolutionGuid = {187FD1F4-2A58-4EDB-BF53-759FDE581607}
	EndGlobalSection
EndGlobal
